
Microsoft Visual Studio Solution File, Format Version 11.00
# Visual Studio 2010
Project("{FAE04EC0-301F-11D3-BF4B-00C04F79EFBC}") = "Student Mangement System", "Student Mangement System\Student Mangement System.csproj", "{A21451F1-6B69-448E-98E6-B85FFBBB4EFE}"
EndProject
Global
	GlobalSection(SolutionConfigurationPlatforms) = preSolution
		Debug|x86 = Debug|x86
		Release|x86 = Release|x86
	EndGlobalSection
	GlobalSection(ProjectConfigurationPlatforms) = postSolution
		{A21451F1-6B69-448E-98E6-B85FFBBB4EFE}.Debug|x86.ActiveCfg = Debug|x86
		{A21451F1-6B69-448E-98E6-B85FFBBB4EFE}.Debug|x86.Build.0 = Debug|x86
		{A21451F1-6B69-448E-98E6-B85FFBBB4EFE}.Release|x86.ActiveCfg = Release|x86
		{A21451F1-6B69-448E-98E6-B85FFBBB4EFE}.Release|x86.Build.0 = Release|x86
	EndGlobalSection
	GlobalSection(SolutionProperties) = preSolution
		HideSolutionNode = FALSE
	EndGlobalSection
EndGlobal
